// !$*UTF8*$!
{
	archiveVersion = 1;
	classes = {
	};
	objectVersion = 50;
	objects = {

/* Begin PBXBuildFile section */
		722B8CD626B0874D0037BE08 /* ResultViewController.swift in Sources */ = {isa = PBXBuildFile; fileRef = 722B8CD526B0874D0037BE08 /* ResultViewController.swift */; };
		72FBA4EE26B029F500C4F639 /* AppDelegate.swift in Sources */ = {isa = PBXBuildFile; fileRef = 72FBA4ED26B029F500C4F639 /* AppDelegate.swift */; };
		72FBA4F026B029F500C4F639 /* SceneDelegate.swift in Sources */ = {isa = PBXBuildFile; fileRef = 72FBA4EF26B029F500C4F639 /* SceneDelegate.swift */; };
		72FBA4F226B029F500C4F639 /* ViewController.swift in Sources */ = {isa = PBXBuildFile; fileRef = 72FBA4F126B029F500C4F639 /* ViewController.swift */; };
		72FBA4F526B029F500C4F639 /* Main.storyboard in Resources */ = {isa = PBXBuildFile; fileRef = 72FBA4F326B029F500C4F639 /* Main.storyboard */; };
		72FBA4F726B029F500C4F639 /* Assets.xcassets in Resources */ = {isa = PBXBuildFile; fileRef = 72FBA4F626B029F500C4F639 /* Assets.xcassets */; };
		72FBA4FA26B029F500C4F639 /* LaunchScreen.storyboard in Resources */ = {isa = PBXBuildFile; fileRef = 72FBA4F826B029F500C4F639 /* LaunchScreen.storyboard */; };
/* End PBXBuildFile section */

/* Begin PBXFileReference section */
		722B8CD526B0874D0037BE08 /* ResultViewController.swift */ = {isa = PBXFileReference; lastKnownFileType = sourcecode.swift; path = ResultViewController.swift; sourceTree = "<group>"; };
		72FBA4EA26B029F500C4F639 /* Splidd.app */ = {isa = PBXFileReference; explicitFileType = wrapper.application; includeInIndex = 0; path = Splidd.app; sourceTree = BUILT_PRODUCTS_DIR; };
		72FBA4ED26B029F500C4F639 /* AppDelegate.swift */ = {isa = PBXFileReference; lastKnownFileType = sourcecode.swift; path = AppDelegate.swift; sourceTree = "<group>"; };
		72FBA4EF26B029F500C4F639 /* SceneDelegate.swift */ = {isa = PBXFileReference; lastKnownFileType = sourcecode.swift; path = SceneDelegate.swift; sourceTree = "<group>"; };
		72FBA4F126B029F500C4F639 /* ViewController.swift */ = {isa = PBXFileReference; lastKnownFileType = sourcecode.swift; path = ViewController.swift; sourceTree = "<group>"; };
		72FBA4F426B029F500C4F639 /* Base */ = {isa = PBXFileReference; lastKnownFileType = file.storyboard; name = Base; path = Base.lproj/Main.storyboard; sourceTree = "<group>"; };
		72FBA4F626B029F500C4F639 /* Assets.xcassets */ = {isa = PBXFileReference; lastKnownFileType = folder.assetcatalog; path = Assets.xcassets; sourceTree = "<group>"; };
		72FBA4F926B029F500C4F639 /* Base */ = {isa = PBXFileReference; lastKnownFileType = file.storyboard; name = Base; path = Base.lproj/LaunchScreen.storyboard; sourceTree = "<group>"; };
		72FBA4FB26B029F500C4F639 /* Info.plist */ = {isa = PBXFileReference; lastKnownFileType = text.plist.xml; path = Info.plist; sourceTree = "<group>"; };
/* End PBXFileReference section */

/* Begin PBXFrameworksBuildPhase section */
		72FBA4E726B029F500C4F639 /* Frameworks */ = {
			isa = PBXFrameworksBuildPhase;
			buildActionMask = 2147483647;
			files = (
			);
			runOnlyForDeploymentPostprocessing = 0;
		};
/* End PBXFrameworksBuildPhase section */

/* Begin PBXGroup section */
		722B8CD726B0875A0037BE08 /* Controller */ = {
			isa = PBXGroup;
			children = (
				72FBA4F126B029F500C4F639 /* ViewController.swift */,
				722B8CD526B0874D0037BE08 /* ResultViewController.swift */,
			);
			path = Controller;
			sourceTree = "<group>";
		};
		72A0201326B08BC600D9CCA9 /* View */ = {
			isa = PBXGroup;
			children = (
				72FBA4F326B029F500C4F639 /* Main.storyboard */,
			);
			path = View;
			sourceTree = "<group>";
		};
		72FBA4E126B029F500C4F639 = {
			isa = PBXGroup;
			children = (
				72FBA4EC26B029F500C4F639 /* Splidd */,
				72FBA4EB26B029F500C4F639 /* Products */,
			);
			sourceTree = "<group>";
		};
		72FBA4EB26B029F500C4F639 /* Products */ = {
			isa = PBXGroup;
			children = (
				72FBA4EA26B029F500C4F639 /* Splidd.app */,
			);
			name = Products;
			sourceTree = "<group>";
		};
		72FBA4EC26B029F500C4F639 /* Splidd */ = {
			isa = PBXGroup;
			children = (
				72FBA4ED26B029F500C4F639 /* AppDelegate.swift */,
				72FBA4EF26B029F500C4F639 /* SceneDelegate.swift */,
				72A0201326B08BC600D9CCA9 /* View */,
				722B8CD726B0875A0037BE08 /* Controller */,
				72FBA4F626B029F500C4F639 /* Assets.xcassets */,
				72FBA4F826B029F500C4F639 /* LaunchScreen.storyboard */,
				72FBA4FB26B029F500C4F639 /* Info.plist */,
			);
			path = Splidd;
			sourceTree = "<group>";
		};
/* End PBXGroup section */

/* Begin PBXNativeTarget section */
		72FBA4E926B029F500C4F639 /* Splidd */ = {
			isa = PBXNativeTarget;
			buildConfigurationList = 72FBA4FE26B029F500C4F639 /* Build configuration list for PBXNativeTarget "Splidd" */;
			buildPhases = (
				72FBA4E626B029F500C4F639 /* Sources */,
				72FBA4E726B029F500C4F639 /* Frameworks */,
				72FBA4E826B029F500C4F639 /* Resources */,
			);
			buildRules = (
			);
			dependencies = (
			);
			name = Splidd;
			productName = Splidd;
			productReference = 72FBA4EA26B029F500C4F639 /* Splidd.app */;
			productType = "com.apple.product-type.application";
		};
/* End PBXNativeTarget section */

/* Begin PBXProject section */
		72FBA4E226B029F500C4F639 /* Project object */ = {
			isa = PBXProject;
			attributes = {
				LastSwiftUpdateCheck = 1250;
				LastUpgradeCheck = 1250;
				TargetAttributes = {
					72FBA4E926B029F500C4F639 = {
						CreatedOnToolsVersion = 12.5.1;
					};
				};
			};
			buildConfigurationList = 72FBA4E526B029F500C4F639 /* Build configuration list for PBXProject "Splidd" */;
			compatibilityVersion = "Xcode 9.3";
			developmentRegion = en;
			hasScannedForEncodings = 0;
			knownRegions = (
				en,
				Base,
			);
			mainGroup = 72FBA4E126B029F500C4F639;
			productRefGroup = 72FBA4EB26B029F500C4F639 /* Products */;
			projectDirPath = "";
			projectRoot = "";
			targets = (
				72FBA4E926B029F500C4F639 /* Splidd */,
			);
		};
/* End PBXProject section */

/* Begin PBXResourcesBuildPhase section */
		72FBA4E826B029F500C4F639 /* Resources */ = {
			isa = PBXResourcesBuildPhase;
			buildActionMask = 2147483647;
			files = (
				72FBA4FA26B029F500C4F639 /* LaunchScreen.storyboard in Resources */,
				72FBA4F726B029F500C4F639 /* Assets.xcassets in Resources */,
				72FBA4F526B029F500C4F639 /* Main.storyboard in Resources */,
			);
			runOnlyForDeploymentPostprocessing = 0;
		};
/* End PBXResourcesBuildPhase section */

/* Begin PBXSourcesBuildPhase section */
		72FBA4E626B029F500C4F639 /* Sources */ = {
			isa = PBXSourcesBuildPhase;
			buildActionMask = 2147483647;
			files = (
				72FBA4F226B029F500C4F639 /* ViewController.swift in Sources */,
				72FBA4EE26B029F500C4F639 /* AppDelegate.swift in Sources */,
				72FBA4F026B029F500C4F639 /* SceneDelegate.swift in Sources */,
				722B8CD626B0874D0037BE08 /* ResultViewController.swift in Sources */,
			);
			runOnlyForDeploymentPostprocessing = 0;
		};
/* End PBXSourcesBuildPhase section */

/* Begin PBXVariantGroup section */
		72FBA4F326B029F500C4F639 /* Main.storyboard */ = {
			isa = PBXVariantGroup;
			children = (
				72FBA4F426B029F500C4F639 /* Base */,
			);
			name = Main.storyboard;
			sourceTree = "<group>";
		};
		72FBA4F826B029F500C4F639 /* LaunchScreen.storyboard */ = {
			isa = PBXVariantGroup;
			children = (
				72FBA4F926B029F500C4F639 /* Base */,
			);
			name = LaunchScreen.storyboard;
			sourceTree = "<group>";
		};
/* End PBXVariantGroup section */

/* Begin XCBuildConfiguration section */
		72FBA4FC26B029F500C4F639 /* Debug */ = {
			isa = XCBuildConfiguration;
			buildSettings = {
				ALWAYS_SEARCH_USER_PATHS = NO;
				CLANG_ANALYZER_NONNULL = YES;
				CLANG_ANALYZER_NUMBER_OBJECT_CONVERSION = YES_AGGRESSIVE;
				CLANG_CXX_LANGUAGE_STANDARD = "gnu++14";
				CLANG_CXX_LIBRARY = "libc++";
				CLANG_ENABLE_MODULES = YES;
				CLANG_ENABLE_OBJC_ARC = YES;
				CLANG_ENABLE_OBJC_WEAK = YES;
				CLANG_WARN_BLOCK_CAPTURE_AUTORELEASING = YES;
				CLANG_WARN_BOOL_CONVERSION = YES;
				CLANG_WARN_COMMA = YES;
				CLANG_WARN_CONSTANT_CONVERSION = YES;
				CLANG_WARN_DEPRECATED_OBJC_IMPLEMENTATIONS = YES;
				CLANG_WARN_DIRECT_OBJC_ISA_USAGE = YES_ERROR;
				CLANG_WARN_DOCUMENTATION_COMMENTS = YES;
				CLANG_WARN_EMPTY_BODY = YES;
				CLANG_WARN_ENUM_CONVERSION = YES;
				CLANG_WARN_INFINITE_RECURSION = YES;
				CLANG_WARN_INT_CONVERSION = YES;
				CLANG_WARN_NON_LITERAL_NULL_CONVERSION = YES;
				CLANG_WARN_OBJC_IMPLICIT_RETAIN_SELF = YES;
				CLANG_WARN_OBJC_LITERAL_CONVERSION = YES;
				CLANG_WARN_OBJC_ROOT_CLASS = YES_ERROR;
				CLANG_WARN_QUOTED_INCLUDE_IN_FRAMEWORK_HEADER = YES;
				CLANG_WARN_RANGE_LOOP_ANALYSIS = YES;
				CLANG_WARN_STRICT_PROTOTYPES = YES;
				CLANG_WARN_SUSPICIOUS_MOVE = YES;
				CLANG_WARN_UNGUARDED_AVAILABILITY = YES_AGGRESSIVE;
				CLANG_WARN_UNREACHABLE_CODE = YES;
				CLANG_WARN__DUPLICATE_METHOD_MATCH = YES;
				COPY_PHASE_STRIP = NO;
				DEBUG_INFORMATION_FORMAT = dwarf;
				ENABLE_STRICT_OBJC_MSGSEND = YES;
				ENABLE_TESTABILITY = YES;
				GCC_C_LANGUAGE_STANDARD = gnu11;
				GCC_DYNAMIC_NO_PIC = NO;
				GCC_NO_COMMON_BLOCKS = YES;
				GCC_OPTIMIZATION_LEVEL = 0;
				GCC_PREPROCESSOR_DEFINITIONS = (
					"DEBUG=1",
					"$(inherited)",
				);
				GCC_WARN_64_TO_32_BIT_CONVERSION = YES;
				GCC_WARN_ABOUT_RETURN_TYPE = YES_ERROR;
				GCC_WARN_UNDECLARED_SELECTOR = YES;
				GCC_WARN_UNINITIALIZED_AUTOS = YES_AGGRESSIVE;
				GCC_WARN_UNUSED_FUNCTION = YES;
				GCC_WARN_UNUSED_VARIABLE = YES;
				IPHONEOS_DEPLOYMENT_TARGET = 14.5;
				MTL_ENABLE_DEBUG_INFO = INCLUDE_SOURCE;
				MTL_FAST_MATH = YES;
				ONLY_ACTIVE_ARCH = YES;
				SDKROOT = iphoneos;
				SWIFT_ACTIVE_COMPILATION_CONDITIONS = DEBUG;
				SWIFT_OPTIMIZATION_LEVEL = "-Onone";
			};
			name = Debug;
		};
		72FBA4FD26B029F500C4F639 /* Release */ = {
			isa = XCBuildConfiguration;
			buildSettings = {
				ALWAYS_SEARCH_USER_PATHS = NO;
				CLANG_ANALYZER_NONNULL = YES;
				CLANG_ANALYZER_NUMBER_OBJECT_CONVERSION = YES_AGGRESSIVE;
				CLANG_CXX_LANGUAGE_STANDARD = "gnu++14";
				CLANG_CXX_LIBRARY = "libc++";
				CLANG_ENABLE_MODULES = YES;
				CLANG_ENABLE_OBJC_ARC = YES;
				CLANG_ENABLE_OBJC_WEAK = YES;
				CLANG_WARN_BLOCK_CAPTURE_AUTORELEASING = YES;
				CLANG_WARN_BOOL_CONVERSION = YES;
				CLANG_WARN_COMMA = YES;
				CLANG_WARN_CONSTANT_CONVERSION = YES;
				CLANG_WARN_DEPRECATED_OBJC_IMPLEMENTATIONS = YES;
				CLANG_WARN_DIRECT_OBJC_ISA_USAGE = YES_ERROR;
				CLANG_WARN_DOCUMENTATION_COMMENTS = YES;
				CLANG_WARN_EMPTY_BODY = YES;
				CLANG_WARN_ENUM_CONVERSION = YES;
				CLANG_WARN_INFINITE_RECURSION = YES;
				CLANG_WARN_INT_CONVERSION = YES;
				CLANG_WARN_NON_LITERAL_NULL_CONVERSION = YES;
				CLANG_WARN_OBJC_IMPLICIT_RETAIN_SELF = YES;
				CLANG_WARN_OBJC_LITERAL_CONVERSION = YES;
				CLANG_WARN_OBJC_ROOT_CLASS = YES_ERROR;
				CLANG_WARN_QUOTED_INCLUDE_IN_FRAMEWORK_HEADER = YES;
				CLANG_WARN_RANGE_LOOP_ANALYSIS = YES;
				CLANG_WARN_STRICT_PROTOTYPES = YES;
				CLANG_WARN_SUSPICIOUS_MOVE = YES;
				CLANG_WARN_UNGUARDED_AVAILABILITY = YES_AGGRESSIVE;
				CLANG_WARN_UNREACHABLE_CODE = YES;
				CLANG_WARN__DUPLICATE_METHOD_MATCH = YES;
				COPY_PHASE_STRIP = NO;
				DEBUG_INFORMATION_FORMAT = "dwarf-with-dsym";
				ENABLE_NS_ASSERTIONS = NO;
				ENABLE_STRICT_OBJC_MSGSEND = YES;
				GCC_C_LANGUAGE_STANDARD = gnu11;
				GCC_NO_COMMON_BLOCKS = YES;
				GCC_WARN_64_TO_32_BIT_CONVERSION = YES;
				GCC_WARN_ABOUT_RETURN_TYPE = YES_ERROR;
				GCC_WARN_UNDECLARED_SELECTOR = YES;
				GCC_WARN_UNINITIALIZED_AUTOS = YES_AGGRESSIVE;
				GCC_WARN_UNUSED_FUNCTION = YES;
				GCC_WARN_UNUSED_VARIABLE = YES;
				IPHONEOS_DEPLOYMENT_TARGET = 14.5;
				MTL_ENABLE_DEBUG_INFO = NO;
				MTL_FAST_MATH = YES;
				SDKROOT = iphoneos;
				SWIFT_COMPILATION_MODE = wholemodule;
				SWIFT_OPTIMIZATION_LEVEL = "-O";
				VALIDATE_PRODUCT = YES;
			};
			name = Release;
		};
		72FBA4FF26B029F500C4F639 /* Debug */ = {
			isa = XCBuildConfiguration;
			buildSettings = {
				ASSETCATALOG_COMPILER_APPICON_NAME = AppIcon;
				ASSETCATALOG_COMPILER_GLOBAL_ACCENT_COLOR_NAME = AccentColor;
				CODE_SIGN_STYLE = Automatic;
				INFOPLIST_FILE = Splidd/Info.plist;
				LD_RUNPATH_SEARCH_PATHS = (
					"$(inherited)",
					"@executable_path/Frameworks",
				);
				PRODUCT_BUNDLE_IDENTIFIER = com.example1.Splidd;
				PRODUCT_NAME = "$(TARGET_NAME)";
				SWIFT_VERSION = 5.0;
				TARGETED_DEVICE_FAMILY = "1,2";
			};
			name = Debug;
		};
		72FBA50026B029F500C4F639 /* Release */ = {
			isa = XCBuildConfiguration;
			buildSettings = {
				ASSETCATALOG_COMPILER_APPICON_NAME = AppIcon;
				ASSETCATALOG_COMPILER_GLOBAL_ACCENT_COLOR_NAME = AccentColor;
				CODE_SIGN_STYLE = Automatic;
				INFOPLIST_FILE = Splidd/Info.plist;
				LD_RUNPATH_SEARCH_PATHS = (
					"$(inherited)",
					"@executable_path/Frameworks",
				);
				PRODUCT_BUNDLE_IDENTIFIER = com.example1.Splidd;
				PRODUCT_NAME = "$(TARGET_NAME)";
				SWIFT_VERSION = 5.0;
				TARGETED_DEVICE_FAMILY = "1,2";
			};
			name = Release;
		};
/* End XCBuildConfiguration section */

/* Begin XCConfigurationList section */
		72FBA4E526B029F500C4F639 /* Build configuration list for PBXProject "Splidd" */ = {
			isa = XCConfigurationList;
			buildConfigurations = (
				72FBA4FC26B029F500C4F639 /* Debug */,
				72FBA4FD26B029F500C4F639 /* Release */,
			);
			defaultConfigurationIsVisible = 0;
			defaultConfigurationName = Release;
		};
		72FBA4FE26B029F500C4F639 /* Build configuration list for PBXNativeTarget "Splidd" */ = {
			isa = XCConfigurationList;
			buildConfigurations = (
				72FBA4FF26B029F500C4F639 /* Debug */,
				72FBA50026B029F500C4F639 /* Release */,
			);
			defaultConfigurationIsVisible = 0;
			defaultConfigurationName = Release;
		};
/* End XCConfigurationList section */
	};
	rootObject = 72FBA4E226B029F500C4F639 /* Project object */;
}
